
Microsoft Visual Studio Solution File, Format Version 12.00
# Visual Studio Version 17
VisualStudioVersion = 17.3.32922.545
MinimumVisualStudioVersion = 10.0.40219.1
Project("{FAE04EC0-301F-11D3-BF4B-00C04F79EFBC}") = "SimpleKernelConsumer", "SimpleKernelConsumer\SimpleKernelConsumer.csproj", "{A5767AEB-6644-4BAF-BBE6-6EFA0425E4E7}"
EndProject
Project("{FAE04EC0-301F-11D3-BF4B-00C04F79EFBC}") = "SimpleProfiling", "SimpleProfiling\SimpleProfiling.csproj", "{527E78BA-1BA1-4298-8CB7-EAE474B328A6}"
EndProject
Project("{FAE04EC0-301F-11D3-BF4B-00C04F79EFBC}") = "Filtering.Core", "Filtering.Core\Filtering.Core.csproj", "{B0BD9D6F-8AB2-4768-BD83-5E00792BFDEC}"
EndProject
Project("{FAE04EC0-301F-11D3-BF4B-00C04F79EFBC}") = "ExceptionLogger", "ExceptionLogger\ExceptionLogger.csproj", "{FA550A23-126B-4C9C-A5DB-AD35A196E900}"
EndProject
Project("{FAE04EC0-301F-11D3-BF4B-00C04F79EFBC}") = "ExceptionLoggerWithStack", "ExceptionLoggerWithStack\ExceptionLoggerWithStack.csproj", "{01A753BF-3755-4B67-BBB4-EFA8AC66B1EE}"
EndProject
Project("{2150E333-8FDC-42A3-9474-1A3956D46DE8}") = "Exceptions", "Exceptions", "{881FA0B3-9549-4D2A-8165-832242D9BCB4}"
EndProject
Project("{2150E333-8FDC-42A3-9474-1A3956D46DE8}") = "KernelEvents", "KernelEvents", "{63830658-4CFC-4441-98ED-764D5F55DC9F}"
EndProject
Project("{2150E333-8FDC-42A3-9474-1A3956D46DE8}") = "Libraries", "Libraries", "{0ECB3EBD-0345-4718-9A10-54EE5CEBC5FB}"
EndProject
Global
	GlobalSection(SolutionConfigurationPlatforms) = preSolution
		Debug|Any CPU = Debug|Any CPU
		Release|Any CPU = Release|Any CPU
	EndGlobalSection
	GlobalSection(ProjectConfigurationPlatforms) = postSolution
		{A5767AEB-6644-4BAF-BBE6-6EFA0425E4E7}.Debug|Any CPU.ActiveCfg = Debug|Any CPU
		{A5767AEB-6644-4BAF-BBE6-6EFA0425E4E7}.Debug|Any CPU.Build.0 = Debug|Any CPU
		{A5767AEB-6644-4BAF-BBE6-6EFA0425E4E7}.Release|Any CPU.ActiveCfg = Release|Any CPU
		{A5767AEB-6644-4BAF-BBE6-6EFA0425E4E7}.Release|Any CPU.Build.0 = Release|Any CPU
		{527E78BA-1BA1-4298-8CB7-EAE474B328A6}.Debug|Any CPU.ActiveCfg = Debug|Any CPU
		{527E78BA-1BA1-4298-8CB7-EAE474B328A6}.Debug|Any CPU.Build.0 = Debug|Any CPU
		{527E78BA-1BA1-4298-8CB7-EAE474B328A6}.Release|Any CPU.ActiveCfg = Release|Any CPU
		{527E78BA-1BA1-4298-8CB7-EAE474B328A6}.Release|Any CPU.Build.0 = Release|Any CPU
		{B0BD9D6F-8AB2-4768-BD83-5E00792BFDEC}.Debug|Any CPU.ActiveCfg = Debug|Any CPU
		{B0BD9D6F-8AB2-4768-BD83-5E00792BFDEC}.Debug|Any CPU.Build.0 = Debug|Any CPU
		{B0BD9D6F-8AB2-4768-BD83-5E00792BFDEC}.Release|Any CPU.ActiveCfg = Release|Any CPU
		{B0BD9D6F-8AB2-4768-BD83-5E00792BFDEC}.Release|Any CPU.Build.0 = Release|Any CPU
		{FA550A23-126B-4C9C-A5DB-AD35A196E900}.Debug|Any CPU.ActiveCfg = Debug|Any CPU
		{FA550A23-126B-4C9C-A5DB-AD35A196E900}.Debug|Any CPU.Build.0 = Debug|Any CPU
		{FA550A23-126B-4C9C-A5DB-AD35A196E900}.Release|Any CPU.ActiveCfg = Release|Any CPU
		{FA550A23-126B-4C9C-A5DB-AD35A196E900}.Release|Any CPU.Build.0 = Release|Any CPU
		{01A753BF-3755-4B67-BBB4-EFA8AC66B1EE}.Debug|Any CPU.ActiveCfg = Debug|Any CPU
		{01A753BF-3755-4B67-BBB4-EFA8AC66B1EE}.Debug|Any CPU.Build.0 = Debug|Any CPU
		{01A753BF-3755-4B67-BBB4-EFA8AC66B1EE}.Release|Any CPU.ActiveCfg = Release|Any CPU
		{01A753BF-3755-4B67-BBB4-EFA8AC66B1EE}.Release|Any CPU.Build.0 = Release|Any CPU
	EndGlobalSection
	GlobalSection(SolutionProperties) = preSolution
		HideSolutionNode = FALSE
	EndGlobalSection
	GlobalSection(NestedProjects) = preSolution
		{A5767AEB-6644-4BAF-BBE6-6EFA0425E4E7} = {63830658-4CFC-4441-98ED-764D5F55DC9F}
		{527E78BA-1BA1-4298-8CB7-EAE474B328A6} = {63830658-4CFC-4441-98ED-764D5F55DC9F}
		{B0BD9D6F-8AB2-4768-BD83-5E00792BFDEC} = {0ECB3EBD-0345-4718-9A10-54EE5CEBC5FB}
		{FA550A23-126B-4C9C-A5DB-AD35A196E900} = {881FA0B3-9549-4D2A-8165-832242D9BCB4}
		{01A753BF-3755-4B67-BBB4-EFA8AC66B1EE} = {881FA0B3-9549-4D2A-8165-832242D9BCB4}
	EndGlobalSection
	GlobalSection(ExtensibilityGlobals) = postSolution
		SolutionGuid = {7AF28743-D5C1-4729-97B9-812F65B06192}
	EndGlobalSection
EndGlobal
